
Microsoft Visual Studio Solution File, Format Version 12.00
# Visual Studio 14
VisualStudioVersion = 14.0.24720.0
MinimumVisualStudioVersion = 10.0.40219.1
Project("{FAE04EC0-301F-11D3-BF4B-00C04F79EFBC}") = "ScanerService", "ScanerService\ScanerService.csproj", "{E20A8DB9-280A-421E-91BE-5FAF3544160D}"
EndProject
Project("{FAE04EC0-301F-11D3-BF4B-00C04F79EFBC}") = "Scaner", "Scaner\Scaner.csproj", "{908B5B82-E6F8-49BA-B8A3-B65B2C1DCC57}"
EndProject
Project("{FAE04EC0-301F-11D3-BF4B-00C04F79EFBC}") = "MethodLogger", "..\CustomLogging\Logger\MethodLogger.csproj", "{A869B5B6-2BE6-4036-A998-008F197EDA26}"
EndProject
Global
	GlobalSection(SolutionConfigurationPlatforms) = preSolution
		Debug|Any CPU = Debug|Any CPU
		Release|Any CPU = Release|Any CPU
	EndGlobalSection
	GlobalSection(ProjectConfigurationPlatforms) = postSolution
		{E20A8DB9-280A-421E-91BE-5FAF3544160D}.Debug|Any CPU.ActiveCfg = Debug|Any CPU
		{E20A8DB9-280A-421E-91BE-5FAF3544160D}.Debug|Any CPU.Build.0 = Debug|Any CPU
		{E20A8DB9-280A-421E-91BE-5FAF3544160D}.Release|Any CPU.ActiveCfg = Release|Any CPU
		{E20A8DB9-280A-421E-91BE-5FAF3544160D}.Release|Any CPU.Build.0 = Release|Any CPU
		{908B5B82-E6F8-49BA-B8A3-B65B2C1DCC57}.Debug|Any CPU.ActiveCfg = Debug|Any CPU
		{908B5B82-E6F8-49BA-B8A3-B65B2C1DCC57}.Debug|Any CPU.Build.0 = Debug|Any CPU
		{908B5B82-E6F8-49BA-B8A3-B65B2C1DCC57}.Release|Any CPU.ActiveCfg = Release|Any CPU
		{908B5B82-E6F8-49BA-B8A3-B65B2C1DCC57}.Release|Any CPU.Build.0 = Release|Any CPU
		{A869B5B6-2BE6-4036-A998-008F197EDA26}.Debug|Any CPU.ActiveCfg = Debug|Any CPU
		{A869B5B6-2BE6-4036-A998-008F197EDA26}.Debug|Any CPU.Build.0 = Debug|Any CPU
		{A869B5B6-2BE6-4036-A998-008F197EDA26}.Release|Any CPU.ActiveCfg = Release|Any CPU
		{A869B5B6-2BE6-4036-A998-008F197EDA26}.Release|Any CPU.Build.0 = Release|Any CPU
	EndGlobalSection
	GlobalSection(SolutionProperties) = preSolution
		HideSolutionNode = FALSE
	EndGlobalSection
EndGlobal
