
Microsoft Visual Studio Solution File, Format Version 12.00
# Visual Studio 14
VisualStudioVersion = 14.0.24720.0
MinimumVisualStudioVersion = 10.0.40219.1
Project("{FAE04EC0-301F-11D3-BF4B-00C04F79EFBC}") = "Server", "Server\Server.csproj", "{282C3587-99F7-416A-9DB7-FC8096F9127C}"
EndProject
Project("{FAE04EC0-301F-11D3-BF4B-00C04F79EFBC}") = "Client", "Client\Client.csproj", "{6DCFD9AB-7245-497E-AD3B-C6B41D220396}"
EndProject
Project("{FAE04EC0-301F-11D3-BF4B-00C04F79EFBC}") = "ChatHelper", "ChatHelper\ChatHelper.csproj", "{7A1A4106-6459-4D78-B18A-AC036347EEEF}"
EndProject
Global
	GlobalSection(SolutionConfigurationPlatforms) = preSolution
		Debug|Any CPU = Debug|Any CPU
		Release|Any CPU = Release|Any CPU
	EndGlobalSection
	GlobalSection(ProjectConfigurationPlatforms) = postSolution
		{282C3587-99F7-416A-9DB7-FC8096F9127C}.Debug|Any CPU.ActiveCfg = Debug|Any CPU
		{282C3587-99F7-416A-9DB7-FC8096F9127C}.Debug|Any CPU.Build.0 = Debug|Any CPU
		{282C3587-99F7-416A-9DB7-FC8096F9127C}.Release|Any CPU.ActiveCfg = Release|Any CPU
		{282C3587-99F7-416A-9DB7-FC8096F9127C}.Release|Any CPU.Build.0 = Release|Any CPU
		{6DCFD9AB-7245-497E-AD3B-C6B41D220396}.Debug|Any CPU.ActiveCfg = Debug|Any CPU
		{6DCFD9AB-7245-497E-AD3B-C6B41D220396}.Debug|Any CPU.Build.0 = Debug|Any CPU
		{6DCFD9AB-7245-497E-AD3B-C6B41D220396}.Release|Any CPU.ActiveCfg = Release|Any CPU
		{6DCFD9AB-7245-497E-AD3B-C6B41D220396}.Release|Any CPU.Build.0 = Release|Any CPU
		{7A1A4106-6459-4D78-B18A-AC036347EEEF}.Debug|Any CPU.ActiveCfg = Debug|Any CPU
		{7A1A4106-6459-4D78-B18A-AC036347EEEF}.Debug|Any CPU.Build.0 = Debug|Any CPU
		{7A1A4106-6459-4D78-B18A-AC036347EEEF}.Release|Any CPU.ActiveCfg = Release|Any CPU
		{7A1A4106-6459-4D78-B18A-AC036347EEEF}.Release|Any CPU.Build.0 = Release|Any CPU
	EndGlobalSection
	GlobalSection(SolutionProperties) = preSolution
		HideSolutionNode = FALSE
	EndGlobalSection
EndGlobal
