
Microsoft Visual Studio Solution File, Format Version 12.00
# Visual Studio 15
VisualStudioVersion = 15.0.27130.2027
MinimumVisualStudioVersion = 10.0.40219.1
Project("{FAE04EC0-301F-11D3-BF4B-00C04F79EFBC}") = "CustomTransformer", "CustomTransformer\CustomTransformer.csproj", "{B68725E9-3084-4669-8CCA-B56F2C3F7D4B}"
EndProject
Project("{FAE04EC0-301F-11D3-BF4B-00C04F79EFBC}") = "CustomExpressionTransformerTests", "CustomExpressionTransformerTests\CustomExpressionTransformerTests.csproj", "{C3117852-8031-4CC1-91FB-0FD99D2D5BE8}"
EndProject
Project("{FAE04EC0-301F-11D3-BF4B-00C04F79EFBC}") = "ConsoleApp1", "ConsoleApp1\ConsoleApp1.csproj", "{DA89093F-D793-4611-ABB3-C597D5F702C2}"
EndProject
Global
	GlobalSection(SolutionConfigurationPlatforms) = preSolution
		Debug|Any CPU = Debug|Any CPU
		Release|Any CPU = Release|Any CPU
	EndGlobalSection
	GlobalSection(ProjectConfigurationPlatforms) = postSolution
		{B68725E9-3084-4669-8CCA-B56F2C3F7D4B}.Debug|Any CPU.ActiveCfg = Debug|Any CPU
		{B68725E9-3084-4669-8CCA-B56F2C3F7D4B}.Debug|Any CPU.Build.0 = Debug|Any CPU
		{B68725E9-3084-4669-8CCA-B56F2C3F7D4B}.Release|Any CPU.ActiveCfg = Release|Any CPU
		{B68725E9-3084-4669-8CCA-B56F2C3F7D4B}.Release|Any CPU.Build.0 = Release|Any CPU
		{C3117852-8031-4CC1-91FB-0FD99D2D5BE8}.Debug|Any CPU.ActiveCfg = Debug|Any CPU
		{C3117852-8031-4CC1-91FB-0FD99D2D5BE8}.Debug|Any CPU.Build.0 = Debug|Any CPU
		{C3117852-8031-4CC1-91FB-0FD99D2D5BE8}.Release|Any CPU.ActiveCfg = Release|Any CPU
		{C3117852-8031-4CC1-91FB-0FD99D2D5BE8}.Release|Any CPU.Build.0 = Release|Any CPU
		{DA89093F-D793-4611-ABB3-C597D5F702C2}.Debug|Any CPU.ActiveCfg = Debug|Any CPU
		{DA89093F-D793-4611-ABB3-C597D5F702C2}.Debug|Any CPU.Build.0 = Debug|Any CPU
		{DA89093F-D793-4611-ABB3-C597D5F702C2}.Release|Any CPU.ActiveCfg = Release|Any CPU
		{DA89093F-D793-4611-ABB3-C597D5F702C2}.Release|Any CPU.Build.0 = Release|Any CPU
	EndGlobalSection
	GlobalSection(SolutionProperties) = preSolution
		HideSolutionNode = FALSE
	EndGlobalSection
	GlobalSection(ExtensibilityGlobals) = postSolution
		SolutionGuid = {49223B87-DD35-4DC4-BFF2-B15AD1DD913F}
	EndGlobalSection
EndGlobal
