
Microsoft Visual Studio Solution File, Format Version 12.00
# Visual Studio 15
VisualStudioVersion = 15.0.27130.2027
MinimumVisualStudioVersion = 10.0.40219.1
Project("{FAE04EC0-301F-11D3-BF4B-00C04F79EFBC}") = "SchemaValidator", "SchemaValidator\SchemaValidator.csproj", "{AB3CF7FE-63BA-437E-A7F6-57021A3D412B}"
EndProject
Project("{FAE04EC0-301F-11D3-BF4B-00C04F79EFBC}") = "CommonInterfaces", "CommonInterfaces\CommonInterfaces.csproj", "{D90CE4DB-4911-4041-89A3-E90F632D1960}"
EndProject
Project("{FAE04EC0-301F-11D3-BF4B-00C04F79EFBC}") = "BookValidationTool", "BookValidationTool\BookValidationTool.csproj", "{6AB35E14-42D8-4D23-890B-89EF2E9999C1}"
EndProject
Project("{FAE04EC0-301F-11D3-BF4B-00C04F79EFBC}") = "RSSGenerator", "RSSGenerator\RSSGenerator.csproj", "{DABE7955-F304-44E1-8297-BDCBCF943C5A}"
EndProject
Project("{FAE04EC0-301F-11D3-BF4B-00C04F79EFBC}") = "RSSGeneratorTool", "RSSGeneratorTool\RSSGeneratorTool.csproj", "{4C1C9B5C-6E6F-451B-91EF-CD87D9DB169A}"
EndProject
Global
	GlobalSection(SolutionConfigurationPlatforms) = preSolution
		Debug|Any CPU = Debug|Any CPU
		Release|Any CPU = Release|Any CPU
	EndGlobalSection
	GlobalSection(ProjectConfigurationPlatforms) = postSolution
		{AB3CF7FE-63BA-437E-A7F6-57021A3D412B}.Debug|Any CPU.ActiveCfg = Debug|Any CPU
		{AB3CF7FE-63BA-437E-A7F6-57021A3D412B}.Debug|Any CPU.Build.0 = Debug|Any CPU
		{AB3CF7FE-63BA-437E-A7F6-57021A3D412B}.Release|Any CPU.ActiveCfg = Release|Any CPU
		{AB3CF7FE-63BA-437E-A7F6-57021A3D412B}.Release|Any CPU.Build.0 = Release|Any CPU
		{D90CE4DB-4911-4041-89A3-E90F632D1960}.Debug|Any CPU.ActiveCfg = Debug|Any CPU
		{D90CE4DB-4911-4041-89A3-E90F632D1960}.Debug|Any CPU.Build.0 = Debug|Any CPU
		{D90CE4DB-4911-4041-89A3-E90F632D1960}.Release|Any CPU.ActiveCfg = Release|Any CPU
		{D90CE4DB-4911-4041-89A3-E90F632D1960}.Release|Any CPU.Build.0 = Release|Any CPU
		{6AB35E14-42D8-4D23-890B-89EF2E9999C1}.Debug|Any CPU.ActiveCfg = Debug|Any CPU
		{6AB35E14-42D8-4D23-890B-89EF2E9999C1}.Debug|Any CPU.Build.0 = Debug|Any CPU
		{6AB35E14-42D8-4D23-890B-89EF2E9999C1}.Release|Any CPU.ActiveCfg = Release|Any CPU
		{6AB35E14-42D8-4D23-890B-89EF2E9999C1}.Release|Any CPU.Build.0 = Release|Any CPU
		{DABE7955-F304-44E1-8297-BDCBCF943C5A}.Debug|Any CPU.ActiveCfg = Debug|Any CPU
		{DABE7955-F304-44E1-8297-BDCBCF943C5A}.Debug|Any CPU.Build.0 = Debug|Any CPU
		{DABE7955-F304-44E1-8297-BDCBCF943C5A}.Release|Any CPU.ActiveCfg = Release|Any CPU
		{DABE7955-F304-44E1-8297-BDCBCF943C5A}.Release|Any CPU.Build.0 = Release|Any CPU
		{4C1C9B5C-6E6F-451B-91EF-CD87D9DB169A}.Debug|Any CPU.ActiveCfg = Debug|Any CPU
		{4C1C9B5C-6E6F-451B-91EF-CD87D9DB169A}.Debug|Any CPU.Build.0 = Debug|Any CPU
		{4C1C9B5C-6E6F-451B-91EF-CD87D9DB169A}.Release|Any CPU.ActiveCfg = Release|Any CPU
		{4C1C9B5C-6E6F-451B-91EF-CD87D9DB169A}.Release|Any CPU.Build.0 = Release|Any CPU
	EndGlobalSection
	GlobalSection(SolutionProperties) = preSolution
		HideSolutionNode = FALSE
	EndGlobalSection
	GlobalSection(ExtensibilityGlobals) = postSolution
		SolutionGuid = {469BEF21-282E-47A1-B84C-46DF76685CD0}
	EndGlobalSection
EndGlobal
